{
  "name": "GoDetector",
  "version": "1.0.0",
  "lockfileVersion": 1,
  "requires": true,
  "dependencies": {
    "opencv.js": {
      "version": "1.2.1",
      "resolved": "https://registry.npmjs.org/opencv.js/-/opencv.js-1.2.1.tgz",
      "integrity": "sha512-+ji5Pk3eyz+RRSeZr2kLZNJpjsKoGyPJOjFWng7+Cuq9ylHakBqJMxDGlBW1+qdju3k8DadWOiHJ6JaF28UpKA=="
    },
    "tenuki": {
      "version": "0.3.1",
      "resolved": "https://registry.npmjs.org/tenuki/-/tenuki-0.3.1.tgz",
      "integrity": "sha512-4obVv+CHn0QXrtHEZOYXE69xweUAae/iHfEz6oqM+dKTcdL8b0G44knfjLtepu4UHdwW0OzxurXDXoZKzKOIIQ=="
    }
  }
}
